
Microsoft Visual Studio Solution File, Format Version 12.00
# Visual Studio Version 17
VisualStudioVersion = 17.10.35027.167
MinimumVisualStudioVersion = 10.0.40219.1
Project("{FAE04EC0-301F-11D3-BF4B-00C04F79EFBC}") = "StatementsPractice", "StatementsPractice\StatementsPractice.csproj", "{A9968AB7-35D0-42B1-ACCF-D34530E74DAF}"
EndProject
Global
	GlobalSection(SolutionConfigurationPlatforms) = preSolution
		Debug|Any CPU = Debug|Any CPU
		Release|Any CPU = Release|Any CPU
	EndGlobalSection
	GlobalSection(ProjectConfigurationPlatforms) = postSolution
		{A9968AB7-35D0-42B1-ACCF-D34530E74DAF}.Debug|Any CPU.ActiveCfg = Debug|Any CPU
		{A9968AB7-35D0-42B1-ACCF-D34530E74DAF}.Debug|Any CPU.Build.0 = Debug|Any CPU
		{A9968AB7-35D0-42B1-ACCF-D34530E74DAF}.Release|Any CPU.ActiveCfg = Release|Any CPU
		{A9968AB7-35D0-42B1-ACCF-D34530E74DAF}.Release|Any CPU.Build.0 = Release|Any CPU
	EndGlobalSection
	GlobalSection(SolutionProperties) = preSolution
		HideSolutionNode = FALSE
	EndGlobalSection
	GlobalSection(ExtensibilityGlobals) = postSolution
		SolutionGuid = {396411AB-B5AD-4AD5-A6B9-98BAF0EB7682}
	EndGlobalSection
EndGlobal
